
Microsoft Visual Studio Solution File, Format Version 12.00
# Visual Studio 15
VisualStudioVersion = 15.0.28010.2046
MinimumVisualStudioVersion = 10.0.40219.1
Project("{FAE04EC0-301F-11D3-BF4B-00C04F79EFBC}") = "WorkingWhitIFormatProvider", "WorkingWhitIFormatable\WorkingWhitIFormatProvider.csproj", "{643501E5-0FCB-49F0-8038-4EA3DC834782}"
EndProject
Global
	GlobalSection(SolutionConfigurationPlatforms) = preSolution
		Debug|Any CPU = Debug|Any CPU
		Release|Any CPU = Release|Any CPU
	EndGlobalSection
	GlobalSection(ProjectConfigurationPlatforms) = postSolution
		{643501E5-0FCB-49F0-8038-4EA3DC834782}.Debug|Any CPU.ActiveCfg = Debug|Any CPU
		{643501E5-0FCB-49F0-8038-4EA3DC834782}.Debug|Any CPU.Build.0 = Debug|Any CPU
		{643501E5-0FCB-49F0-8038-4EA3DC834782}.Release|Any CPU.ActiveCfg = Release|Any CPU
		{643501E5-0FCB-49F0-8038-4EA3DC834782}.Release|Any CPU.Build.0 = Release|Any CPU
	EndGlobalSection
	GlobalSection(SolutionProperties) = preSolution
		HideSolutionNode = FALSE
	EndGlobalSection
	GlobalSection(ExtensibilityGlobals) = postSolution
		SolutionGuid = {3150A8CF-C58C-4B00-802D-F4BACCDF4CB1}
	EndGlobalSection
EndGlobal
